
Microsoft Visual Studio Solution File, Format Version 12.00
# Visual Studio 15
VisualStudioVersion = 15.0.28010.2036
MinimumVisualStudioVersion = 10.0.40219.1
Project("{FAE04EC0-301F-11D3-BF4B-00C04F79EFBC}") = "ЛР05", "ЛР05\ЛР05.csproj", "{FA71F59F-0A87-4F50-A370-AECF032FB198}"
EndProject
Global
	GlobalSection(SolutionConfigurationPlatforms) = preSolution
		Debug|Any CPU = Debug|Any CPU
		Release|Any CPU = Release|Any CPU
	EndGlobalSection
	GlobalSection(ProjectConfigurationPlatforms) = postSolution
		{FA71F59F-0A87-4F50-A370-AECF032FB198}.Debug|Any CPU.ActiveCfg = Debug|Any CPU
		{FA71F59F-0A87-4F50-A370-AECF032FB198}.Debug|Any CPU.Build.0 = Debug|Any CPU
		{FA71F59F-0A87-4F50-A370-AECF032FB198}.Release|Any CPU.ActiveCfg = Release|Any CPU
		{FA71F59F-0A87-4F50-A370-AECF032FB198}.Release|Any CPU.Build.0 = Release|Any CPU
	EndGlobalSection
	GlobalSection(SolutionProperties) = preSolution
		HideSolutionNode = FALSE
	EndGlobalSection
	GlobalSection(ExtensibilityGlobals) = postSolution
		SolutionGuid = {178BE1AA-2D2E-43D4-A23B-EF2DC27BF770}
	EndGlobalSection
EndGlobal
