
Microsoft Visual Studio Solution File, Format Version 12.00
# Visual Studio 15
VisualStudioVersion = 15.0.28010.2036
MinimumVisualStudioVersion = 10.0.40219.1
Project("{FAE04EC0-301F-11D3-BF4B-00C04F79EFBC}") = "ЛР04", "ЛР04\ЛР04.csproj", "{501FBF3B-83E1-4BB8-A82F-5A71DD20A7BE}"
EndProject
Global
	GlobalSection(SolutionConfigurationPlatforms) = preSolution
		Debug|Any CPU = Debug|Any CPU
		Release|Any CPU = Release|Any CPU
	EndGlobalSection
	GlobalSection(ProjectConfigurationPlatforms) = postSolution
		{501FBF3B-83E1-4BB8-A82F-5A71DD20A7BE}.Debug|Any CPU.ActiveCfg = Debug|Any CPU
		{501FBF3B-83E1-4BB8-A82F-5A71DD20A7BE}.Debug|Any CPU.Build.0 = Debug|Any CPU
		{501FBF3B-83E1-4BB8-A82F-5A71DD20A7BE}.Release|Any CPU.ActiveCfg = Release|Any CPU
		{501FBF3B-83E1-4BB8-A82F-5A71DD20A7BE}.Release|Any CPU.Build.0 = Release|Any CPU
	EndGlobalSection
	GlobalSection(SolutionProperties) = preSolution
		HideSolutionNode = FALSE
	EndGlobalSection
	GlobalSection(ExtensibilityGlobals) = postSolution
		SolutionGuid = {0F3BF91B-BA4A-485F-AF14-A4F7C4F461FC}
	EndGlobalSection
EndGlobal
