
Microsoft Visual Studio Solution File, Format Version 12.00
# Visual Studio 15
VisualStudioVersion = 15.0.28010.2036
MinimumVisualStudioVersion = 10.0.40219.1
Project("{FAE04EC0-301F-11D3-BF4B-00C04F79EFBC}") = "ЛР07_extra", "ЛР07_extra\ЛР07_extra.csproj", "{59EE5F55-89AE-400C-BCB2-DB4B92F1F263}"
EndProject
Global
	GlobalSection(SolutionConfigurationPlatforms) = preSolution
		Debug|Any CPU = Debug|Any CPU
		Release|Any CPU = Release|Any CPU
	EndGlobalSection
	GlobalSection(ProjectConfigurationPlatforms) = postSolution
		{59EE5F55-89AE-400C-BCB2-DB4B92F1F263}.Debug|Any CPU.ActiveCfg = Debug|Any CPU
		{59EE5F55-89AE-400C-BCB2-DB4B92F1F263}.Debug|Any CPU.Build.0 = Debug|Any CPU
		{59EE5F55-89AE-400C-BCB2-DB4B92F1F263}.Release|Any CPU.ActiveCfg = Release|Any CPU
		{59EE5F55-89AE-400C-BCB2-DB4B92F1F263}.Release|Any CPU.Build.0 = Release|Any CPU
	EndGlobalSection
	GlobalSection(SolutionProperties) = preSolution
		HideSolutionNode = FALSE
	EndGlobalSection
	GlobalSection(ExtensibilityGlobals) = postSolution
		SolutionGuid = {E5794085-B161-434F-9C69-173FAAA3F2EF}
	EndGlobalSection
EndGlobal
