
Microsoft Visual Studio Solution File, Format Version 12.00
# Visual Studio 15
VisualStudioVersion = 15.0.28010.2036
MinimumVisualStudioVersion = 10.0.40219.1
Project("{FAE04EC0-301F-11D3-BF4B-00C04F79EFBC}") = "LR_1_extra", "LR_1_extra\LR_1_extra.csproj", "{B2E43A19-8EAF-4F07-B91A-FB4CD88911E7}"
EndProject
Global
	GlobalSection(SolutionConfigurationPlatforms) = preSolution
		Debug|Any CPU = Debug|Any CPU
		Release|Any CPU = Release|Any CPU
	EndGlobalSection
	GlobalSection(ProjectConfigurationPlatforms) = postSolution
		{B2E43A19-8EAF-4F07-B91A-FB4CD88911E7}.Debug|Any CPU.ActiveCfg = Debug|Any CPU
		{B2E43A19-8EAF-4F07-B91A-FB4CD88911E7}.Debug|Any CPU.Build.0 = Debug|Any CPU
		{B2E43A19-8EAF-4F07-B91A-FB4CD88911E7}.Release|Any CPU.ActiveCfg = Release|Any CPU
		{B2E43A19-8EAF-4F07-B91A-FB4CD88911E7}.Release|Any CPU.Build.0 = Release|Any CPU
	EndGlobalSection
	GlobalSection(SolutionProperties) = preSolution
		HideSolutionNode = FALSE
	EndGlobalSection
	GlobalSection(ExtensibilityGlobals) = postSolution
		SolutionGuid = {809B2E61-282D-47A2-AAB8-73E596915930}
	EndGlobalSection
EndGlobal
